
Microsoft Visual Studio Solution File, Format Version 12.00
# Visual Studio 15
VisualStudioVersion = 15.0.27703.2000
MinimumVisualStudioVersion = 10.0.40219.1
Project("{9A19103F-16F7-4668-BE54-9A1E7A4F7556}") = "AutofacUtility", "AutofacUtility\AutofacUtility.csproj", "{62328D0C-023B-4D2C-B83A-F925B374D50C}"
EndProject
Project("{9A19103F-16F7-4668-BE54-9A1E7A4F7556}") = "TestConsole", "TestConsole\TestConsole.csproj", "{3CF87E88-E192-4B01-87E9-CB193CEA61B5}"
EndProject
Project("{9A19103F-16F7-4668-BE54-9A1E7A4F7556}") = "AutofacMiddleware", "AutofacMiddleware\AutofacMiddleware.csproj", "{07133797-AF0B-4CA4-8C98-4A810A7E6379}"
EndProject
Project("{FAE04EC0-301F-11D3-BF4B-00C04F79EFBC}") = "AutofacAopImp", "AutofacAopImp\AutofacAopImp.csproj", "{84F1D75B-D951-4625-8D55-ACB7E41FA9A1}"
EndProject
Global
	GlobalSection(SolutionConfigurationPlatforms) = preSolution
		Debug|Any CPU = Debug|Any CPU
		Release|Any CPU = Release|Any CPU
	EndGlobalSection
	GlobalSection(ProjectConfigurationPlatforms) = postSolution
		{62328D0C-023B-4D2C-B83A-F925B374D50C}.Debug|Any CPU.ActiveCfg = Debug|Any CPU
		{62328D0C-023B-4D2C-B83A-F925B374D50C}.Debug|Any CPU.Build.0 = Debug|Any CPU
		{62328D0C-023B-4D2C-B83A-F925B374D50C}.Release|Any CPU.ActiveCfg = Release|Any CPU
		{62328D0C-023B-4D2C-B83A-F925B374D50C}.Release|Any CPU.Build.0 = Release|Any CPU
		{3CF87E88-E192-4B01-87E9-CB193CEA61B5}.Debug|Any CPU.ActiveCfg = Debug|Any CPU
		{3CF87E88-E192-4B01-87E9-CB193CEA61B5}.Debug|Any CPU.Build.0 = Debug|Any CPU
		{3CF87E88-E192-4B01-87E9-CB193CEA61B5}.Release|Any CPU.ActiveCfg = Release|Any CPU
		{3CF87E88-E192-4B01-87E9-CB193CEA61B5}.Release|Any CPU.Build.0 = Release|Any CPU
		{07133797-AF0B-4CA4-8C98-4A810A7E6379}.Debug|Any CPU.ActiveCfg = Debug|Any CPU
		{07133797-AF0B-4CA4-8C98-4A810A7E6379}.Debug|Any CPU.Build.0 = Debug|Any CPU
		{07133797-AF0B-4CA4-8C98-4A810A7E6379}.Release|Any CPU.ActiveCfg = Release|Any CPU
		{07133797-AF0B-4CA4-8C98-4A810A7E6379}.Release|Any CPU.Build.0 = Release|Any CPU
		{84F1D75B-D951-4625-8D55-ACB7E41FA9A1}.Debug|Any CPU.ActiveCfg = Debug|Any CPU
		{84F1D75B-D951-4625-8D55-ACB7E41FA9A1}.Debug|Any CPU.Build.0 = Debug|Any CPU
		{84F1D75B-D951-4625-8D55-ACB7E41FA9A1}.Release|Any CPU.ActiveCfg = Release|Any CPU
		{84F1D75B-D951-4625-8D55-ACB7E41FA9A1}.Release|Any CPU.Build.0 = Release|Any CPU
	EndGlobalSection
	GlobalSection(SolutionProperties) = preSolution
		HideSolutionNode = FALSE
	EndGlobalSection
	GlobalSection(ExtensibilityGlobals) = postSolution
		SolutionGuid = {4A6D8273-B99D-442A-9C16-C61AD04EFEA2}
	EndGlobalSection
EndGlobal
